<?xml version="1.0" encoding="UTF-8"?>
<CodeBlocks_project_file>
	<FileVersion major="1" minor="6"/>
	<Project>
		<Option title="g3log"/>
		<Option makefile_is_custom="1"/>
		<Option compiler="gcc"/>
		<Option virtualFolders="CMake Files\;CMake Files\cmake\;CMake Files\src\;CMake Files\src\common\;CMake Files\src\depends\;CMake Files\src\depends\g3log\;CMake Files\src\depends\g3log\test_performance\;CMake Files\src\depends\g3log\test_unit\;CMake Files\src\depends\common\;CMake Files\src\depends\libDatabase\;CMake Files\src\depends\libethash\;CMake Files\src\depends\libTrie\;CMake Files\src\depends\minilzo\;CMake Files\src\depends\Sha3\;CMake Files\src\libConsensus\;CMake Files\src\libCrypto\;CMake Files\src\libData\;CMake Files\src\libData\AccountData\;CMake Files\src\libData\BlockData\;CMake Files\src\libData\BlockData\Block\;CMake Files\src\libData\BlockData\BlockHeader\;CMake Files\src\libData\BlockChainData\;CMake Files\src\libDirectoryService\;CMake Files\src\libLookup\;CMake Files\src\libMediator\;CMake Files\src\libPersistence\;CMake Files\src\libPOW\;CMake Files\src\libNetwork\;CMake Files\src\libNode\;CMake Files\src\libServer\;CMake Files\src\libUtils\;CMake Files\src\libZilliqa\;CMake Files\tests\;CMake Files\tests\Crypto\;CMake Files\tests\Data\;CMake Files\tests\depends\;CMake Files\tests\depends\libDatabase\;CMake Files\tests\depends\Trie\;CMake Files\tests\Lookup\;CMake Files\tests\Network\;CMake Files\tests\Persistence\;CMake Files\tests\Utils\;CMake Files\tests\Zilliqa\;"/>
		<Build>
			<Target title="all">
				<Option working_dir="/home/ckyang/Git/Zilliqa/src/depends/g3log"/>
				<Option type="4"/>
				<MakeCommands>
					<Build command="/usr/bin/make -f &quot;/home/ckyang/Git/Zilliqa/src/depends/g3log/Makefile&quot;  VERBOSE=1 all"/>
					<CompileFile command="/usr/bin/make -f &quot;/home/ckyang/Git/Zilliqa/src/depends/g3log/Makefile&quot;  VERBOSE=1 &quot;$file&quot;"/>
					<Clean command="/usr/bin/make -f &quot;/home/ckyang/Git/Zilliqa/src/depends/g3log/Makefile&quot;  VERBOSE=1 clean"/>
					<DistClean command="/usr/bin/make -f &quot;/home/ckyang/Git/Zilliqa/src/depends/g3log/Makefile&quot;  VERBOSE=1 clean"/>
				</MakeCommands>
			</Target>
			<Target title="g3logger">
				<Option output="/home/ckyang/Git/Zilliqa/src/depends/g3log/libg3logger.so" prefix_auto="0" extension_auto="0"/>
				<Option working_dir="/home/ckyang/Git/Zilliqa/src/depends/g3log"/>
				<Option object_output="./"/>
				<Option type="3"/>
				<Option compiler="gcc"/>
				<Compiler>
					<Add option="-DSTAT_TEST"/>
					<Add directory="/usr/include/jsoncpp"/>
					<Add directory="/home/ckyang/Git/Zilliqa/src/depends/g3log/src"/>
					<Add directory="/home/ckyang/Git/Zilliqa/src/depends/g3log/include"/>
				</Compiler>
				<MakeCommands>
					<Build command="/usr/bin/make -f &quot;/home/ckyang/Git/Zilliqa/src/depends/g3log/Makefile&quot;  VERBOSE=1 g3logger"/>
					<CompileFile command="/usr/bin/make -f &quot;/home/ckyang/Git/Zilliqa/src/depends/g3log/Makefile&quot;  VERBOSE=1 &quot;$file&quot;"/>
					<Clean command="/usr/bin/make -f &quot;/home/ckyang/Git/Zilliqa/src/depends/g3log/Makefile&quot;  VERBOSE=1 clean"/>
					<DistClean command="/usr/bin/make -f &quot;/home/ckyang/Git/Zilliqa/src/depends/g3log/Makefile&quot;  VERBOSE=1 clean"/>
				</MakeCommands>
			</Target>
			<Target title="g3logger/fast">
				<Option output="/home/ckyang/Git/Zilliqa/src/depends/g3log/libg3logger.so" prefix_auto="0" extension_auto="0"/>
				<Option working_dir="/home/ckyang/Git/Zilliqa/src/depends/g3log"/>
				<Option object_output="./"/>
				<Option type="3"/>
				<Option compiler="gcc"/>
				<Compiler>
					<Add option="-DSTAT_TEST"/>
					<Add directory="/usr/include/jsoncpp"/>
					<Add directory="/home/ckyang/Git/Zilliqa/src/depends/g3log/src"/>
					<Add directory="/home/ckyang/Git/Zilliqa/src/depends/g3log/include"/>
				</Compiler>
				<MakeCommands>
					<Build command="/usr/bin/make -f &quot;/home/ckyang/Git/Zilliqa/src/depends/g3log/Makefile&quot;  VERBOSE=1 g3logger/fast"/>
					<CompileFile command="/usr/bin/make -f &quot;/home/ckyang/Git/Zilliqa/src/depends/g3log/Makefile&quot;  VERBOSE=1 &quot;$file&quot;"/>
					<Clean command="/usr/bin/make -f &quot;/home/ckyang/Git/Zilliqa/src/depends/g3log/Makefile&quot;  VERBOSE=1 clean"/>
					<DistClean command="/usr/bin/make -f &quot;/home/ckyang/Git/Zilliqa/src/depends/g3log/Makefile&quot;  VERBOSE=1 clean"/>
				</MakeCommands>
			</Target>
			<Target title="clean-cmake">
				<Option working_dir="/home/ckyang/Git/Zilliqa/src/depends/g3log"/>
				<Option type="4"/>
				<MakeCommands>
					<Build command="/usr/bin/make -f &quot;/home/ckyang/Git/Zilliqa/src/depends/g3log/Makefile&quot;  VERBOSE=1 clean-cmake"/>
					<CompileFile command="/usr/bin/make -f &quot;/home/ckyang/Git/Zilliqa/src/depends/g3log/Makefile&quot;  VERBOSE=1 &quot;$file&quot;"/>
					<Clean command="/usr/bin/make -f &quot;/home/ckyang/Git/Zilliqa/src/depends/g3log/Makefile&quot;  VERBOSE=1 clean"/>
					<DistClean command="/usr/bin/make -f &quot;/home/ckyang/Git/Zilliqa/src/depends/g3log/Makefile&quot;  VERBOSE=1 clean"/>
				</MakeCommands>
			</Target>
		</Build>
		<Unit filename="/home/ckyang/Git/Zilliqa/src/depends/g3log/include/g3log/generated_definitions.hpp">
			<Option target="g3logger"/>
		</Unit>
		<Unit filename="/home/ckyang/Git/Zilliqa/src/depends/g3log/src/crashhandler_unix.cpp">
			<Option target="g3logger"/>
		</Unit>
		<Unit filename="/home/ckyang/Git/Zilliqa/src/depends/g3log/src/filesink.cpp">
			<Option target="g3logger"/>
		</Unit>
		<Unit filename="/home/ckyang/Git/Zilliqa/src/depends/g3log/src/filesinkhelper.ipp">
			<Option target="g3logger"/>
		</Unit>
		<Unit filename="/home/ckyang/Git/Zilliqa/src/depends/g3log/src/g3log.cpp">
			<Option target="g3logger"/>
		</Unit>
		<Unit filename="/home/ckyang/Git/Zilliqa/src/depends/g3log/src/g3log/active.hpp">
			<Option target="g3logger"/>
		</Unit>
		<Unit filename="/home/ckyang/Git/Zilliqa/src/depends/g3log/src/g3log/atomicbool.hpp">
			<Option target="g3logger"/>
		</Unit>
		<Unit filename="/home/ckyang/Git/Zilliqa/src/depends/g3log/src/g3log/crashhandler.hpp">
			<Option target="g3logger"/>
		</Unit>
		<Unit filename="/home/ckyang/Git/Zilliqa/src/depends/g3log/src/g3log/filesink.hpp">
			<Option target="g3logger"/>
		</Unit>
		<Unit filename="/home/ckyang/Git/Zilliqa/src/depends/g3log/src/g3log/future.hpp">
			<Option target="g3logger"/>
		</Unit>
		<Unit filename="/home/ckyang/Git/Zilliqa/src/depends/g3log/src/g3log/g3log.hpp">
			<Option target="g3logger"/>
		</Unit>
		<Unit filename="/home/ckyang/Git/Zilliqa/src/depends/g3log/src/g3log/logcapture.hpp">
			<Option target="g3logger"/>
		</Unit>
		<Unit filename="/home/ckyang/Git/Zilliqa/src/depends/g3log/src/g3log/loglevels.hpp">
			<Option target="g3logger"/>
		</Unit>
		<Unit filename="/home/ckyang/Git/Zilliqa/src/depends/g3log/src/g3log/logmessage.hpp">
			<Option target="g3logger"/>
		</Unit>
		<Unit filename="/home/ckyang/Git/Zilliqa/src/depends/g3log/src/g3log/logworker.hpp">
			<Option target="g3logger"/>
		</Unit>
		<Unit filename="/home/ckyang/Git/Zilliqa/src/depends/g3log/src/g3log/moveoncopy.hpp">
			<Option target="g3logger"/>
		</Unit>
		<Unit filename="/home/ckyang/Git/Zilliqa/src/depends/g3log/src/g3log/shared_queue.hpp">
			<Option target="g3logger"/>
		</Unit>
		<Unit filename="/home/ckyang/Git/Zilliqa/src/depends/g3log/src/g3log/sink.hpp">
			<Option target="g3logger"/>
		</Unit>
		<Unit filename="/home/ckyang/Git/Zilliqa/src/depends/g3log/src/g3log/sinkhandle.hpp">
			<Option target="g3logger"/>
		</Unit>
		<Unit filename="/home/ckyang/Git/Zilliqa/src/depends/g3log/src/g3log/sinkwrapper.hpp">
			<Option target="g3logger"/>
		</Unit>
		<Unit filename="/home/ckyang/Git/Zilliqa/src/depends/g3log/src/g3log/stlpatch_future.hpp">
			<Option target="g3logger"/>
		</Unit>
		<Unit filename="/home/ckyang/Git/Zilliqa/src/depends/g3log/src/g3log/time.hpp">
			<Option target="g3logger"/>
		</Unit>
		<Unit filename="/home/ckyang/Git/Zilliqa/src/depends/g3log/src/logcapture.cpp">
			<Option target="g3logger"/>
		</Unit>
		<Unit filename="/home/ckyang/Git/Zilliqa/src/depends/g3log/src/loglevels.cpp">
			<Option target="g3logger"/>
		</Unit>
		<Unit filename="/home/ckyang/Git/Zilliqa/src/depends/g3log/src/logmessage.cpp">
			<Option target="g3logger"/>
		</Unit>
		<Unit filename="/home/ckyang/Git/Zilliqa/src/depends/g3log/src/logworker.cpp">
			<Option target="g3logger"/>
		</Unit>
		<Unit filename="/home/ckyang/Git/Zilliqa/src/depends/g3log/src/time.cpp">
			<Option target="g3logger"/>
		</Unit>
		<Unit filename="/home/ckyang/Git/Zilliqa/CMakeLists.txt">
			<Option virtualFolder="CMake Files\"/>
		</Unit>
		<Unit filename="/home/ckyang/Git/Zilliqa/constants.xml">
			<Option virtualFolder="CMake Files\"/>
		</Unit>
		<Unit filename="/home/ckyang/Git/Zilliqa/cmake/LLVMExtraTools.cmake">
			<Option virtualFolder="CMake Files\cmake\"/>
		</Unit>
		<Unit filename="/home/ckyang/Git/Zilliqa/src/CMakeLists.txt">
			<Option virtualFolder="CMake Files\src\"/>
		</Unit>
		<Unit filename="/home/ckyang/Git/Zilliqa/src/common/CMakeLists.txt">
			<Option virtualFolder="CMake Files\src\common\"/>
		</Unit>
		<Unit filename="/home/ckyang/Git/Zilliqa/src/depends/CMakeLists.txt">
			<Option virtualFolder="CMake Files\src\depends\"/>
		</Unit>
		<Unit filename="/home/ckyang/Git/Zilliqa/src/depends/g3log/Build.cmake">
			<Option virtualFolder="CMake Files\src\depends\g3log\"/>
		</Unit>
		<Unit filename="/home/ckyang/Git/Zilliqa/src/depends/g3log/CMakeLists.txt">
			<Option virtualFolder="CMake Files\src\depends\g3log\"/>
		</Unit>
		<Unit filename="/home/ckyang/Git/Zilliqa/src/depends/g3log/CPackLists.txt">
			<Option virtualFolder="CMake Files\src\depends\g3log\"/>
		</Unit>
		<Unit filename="/home/ckyang/Git/Zilliqa/src/depends/g3log/GenerateMacroDefinitionsFile.cmake">
			<Option virtualFolder="CMake Files\src\depends\g3log\"/>
		</Unit>
		<Unit filename="/home/ckyang/Git/Zilliqa/src/depends/g3log/Options.cmake">
			<Option virtualFolder="CMake Files\src\depends\g3log\"/>
		</Unit>
		<Unit filename="/home/ckyang/Git/Zilliqa/src/depends/g3log/iOSBuild.cmake">
			<Option virtualFolder="CMake Files\src\depends\g3log\"/>
		</Unit>
		<Unit filename="/home/ckyang/Git/Zilliqa/src/depends/g3log/test_performance/Performance.cmake">
			<Option virtualFolder="CMake Files\src\depends\g3log\test_performance\"/>
		</Unit>
		<Unit filename="/home/ckyang/Git/Zilliqa/src/depends/g3log/test_unit/Test.cmake">
			<Option virtualFolder="CMake Files\src\depends\g3log\test_unit\"/>
		</Unit>
		<Unit filename="/home/ckyang/Git/Zilliqa/src/depends/common/CMakeLists.txt">
			<Option virtualFolder="CMake Files\src\depends\common\"/>
		</Unit>
		<Unit filename="/home/ckyang/Git/Zilliqa/src/depends/libDatabase/CMakeLists.txt">
			<Option virtualFolder="CMake Files\src\depends\libDatabase\"/>
		</Unit>
		<Unit filename="/home/ckyang/Git/Zilliqa/src/depends/libethash/CMakeLists.txt">
			<Option virtualFolder="CMake Files\src\depends\libethash\"/>
		</Unit>
		<Unit filename="/home/ckyang/Git/Zilliqa/src/depends/libTrie/CMakeLists.txt">
			<Option virtualFolder="CMake Files\src\depends\libTrie\"/>
		</Unit>
		<Unit filename="/home/ckyang/Git/Zilliqa/src/depends/minilzo/CMakeLists.txt">
			<Option virtualFolder="CMake Files\src\depends\minilzo\"/>
		</Unit>
		<Unit filename="/home/ckyang/Git/Zilliqa/src/depends/Sha3/CMakeLists.txt">
			<Option virtualFolder="CMake Files\src\depends\Sha3\"/>
		</Unit>
		<Unit filename="/home/ckyang/Git/Zilliqa/src/libConsensus/CMakeLists.txt">
			<Option virtualFolder="CMake Files\src\libConsensus\"/>
		</Unit>
		<Unit filename="/home/ckyang/Git/Zilliqa/src/libCrypto/CMakeLists.txt">
			<Option virtualFolder="CMake Files\src\libCrypto\"/>
		</Unit>
		<Unit filename="/home/ckyang/Git/Zilliqa/src/libData/CMakeLists.txt">
			<Option virtualFolder="CMake Files\src\libData\"/>
		</Unit>
		<Unit filename="/home/ckyang/Git/Zilliqa/src/libData/AccountData/CMakeLists.txt">
			<Option virtualFolder="CMake Files\src\libData\AccountData\"/>
		</Unit>
		<Unit filename="/home/ckyang/Git/Zilliqa/src/libData/BlockData/CMakeLists.txt">
			<Option virtualFolder="CMake Files\src\libData\BlockData\"/>
		</Unit>
		<Unit filename="/home/ckyang/Git/Zilliqa/src/libData/BlockData/Block/CMakeLists.txt">
			<Option virtualFolder="CMake Files\src\libData\BlockData\Block\"/>
		</Unit>
		<Unit filename="/home/ckyang/Git/Zilliqa/src/libData/BlockData/BlockHeader/CMakeLists.txt">
			<Option virtualFolder="CMake Files\src\libData\BlockData\BlockHeader\"/>
		</Unit>
		<Unit filename="/home/ckyang/Git/Zilliqa/src/libData/BlockChainData/CMakeLists.txt">
			<Option virtualFolder="CMake Files\src\libData\BlockChainData\"/>
		</Unit>
		<Unit filename="/home/ckyang/Git/Zilliqa/src/libDirectoryService/CMakeLists.txt">
			<Option virtualFolder="CMake Files\src\libDirectoryService\"/>
		</Unit>
		<Unit filename="/home/ckyang/Git/Zilliqa/src/libLookup/CMakeLists.txt">
			<Option virtualFolder="CMake Files\src\libLookup\"/>
		</Unit>
		<Unit filename="/home/ckyang/Git/Zilliqa/src/libMediator/CMakeLists.txt">
			<Option virtualFolder="CMake Files\src\libMediator\"/>
		</Unit>
		<Unit filename="/home/ckyang/Git/Zilliqa/src/libPersistence/CMakeLists.txt">
			<Option virtualFolder="CMake Files\src\libPersistence\"/>
		</Unit>
		<Unit filename="/home/ckyang/Git/Zilliqa/src/libPOW/CMakeLists.txt">
			<Option virtualFolder="CMake Files\src\libPOW\"/>
		</Unit>
		<Unit filename="/home/ckyang/Git/Zilliqa/src/libNetwork/CMakeLists.txt">
			<Option virtualFolder="CMake Files\src\libNetwork\"/>
		</Unit>
		<Unit filename="/home/ckyang/Git/Zilliqa/src/libNode/CMakeLists.txt">
			<Option virtualFolder="CMake Files\src\libNode\"/>
		</Unit>
		<Unit filename="/home/ckyang/Git/Zilliqa/src/libServer/CMakeLists.txt">
			<Option virtualFolder="CMake Files\src\libServer\"/>
		</Unit>
		<Unit filename="/home/ckyang/Git/Zilliqa/src/libUtils/CMakeLists.txt">
			<Option virtualFolder="CMake Files\src\libUtils\"/>
		</Unit>
		<Unit filename="/home/ckyang/Git/Zilliqa/src/libZilliqa/CMakeLists.txt">
			<Option virtualFolder="CMake Files\src\libZilliqa\"/>
		</Unit>
		<Unit filename="/home/ckyang/Git/Zilliqa/tests/CMakeLists.txt">
			<Option virtualFolder="CMake Files\tests\"/>
		</Unit>
		<Unit filename="/home/ckyang/Git/Zilliqa/tests/Crypto/CMakeLists.txt">
			<Option virtualFolder="CMake Files\tests\Crypto\"/>
		</Unit>
		<Unit filename="/home/ckyang/Git/Zilliqa/tests/Data/CMakeLists.txt">
			<Option virtualFolder="CMake Files\tests\Data\"/>
		</Unit>
		<Unit filename="/home/ckyang/Git/Zilliqa/tests/depends/CMakeLists.txt">
			<Option virtualFolder="CMake Files\tests\depends\"/>
		</Unit>
		<Unit filename="/home/ckyang/Git/Zilliqa/tests/depends/libDatabase/CMakeLists.txt">
			<Option virtualFolder="CMake Files\tests\depends\libDatabase\"/>
		</Unit>
		<Unit filename="/home/ckyang/Git/Zilliqa/tests/depends/Trie/CMakeLists.txt">
			<Option virtualFolder="CMake Files\tests\depends\Trie\"/>
		</Unit>
		<Unit filename="/home/ckyang/Git/Zilliqa/tests/Lookup/CMakeLists.txt">
			<Option virtualFolder="CMake Files\tests\Lookup\"/>
		</Unit>
		<Unit filename="/home/ckyang/Git/Zilliqa/tests/Network/CMakeLists.txt">
			<Option virtualFolder="CMake Files\tests\Network\"/>
		</Unit>
		<Unit filename="/home/ckyang/Git/Zilliqa/tests/Persistence/CMakeLists.txt">
			<Option virtualFolder="CMake Files\tests\Persistence\"/>
		</Unit>
		<Unit filename="/home/ckyang/Git/Zilliqa/tests/Utils/CMakeLists.txt">
			<Option virtualFolder="CMake Files\tests\Utils\"/>
		</Unit>
		<Unit filename="/home/ckyang/Git/Zilliqa/tests/Zilliqa/CMakeLists.txt">
			<Option virtualFolder="CMake Files\tests\Zilliqa\"/>
		</Unit>
	</Project>
</CodeBlocks_project_file>
